
Microsoft Visual Studio Solution File, Format Version 12.00
# Visual Studio 14
VisualStudioVersion = 14.0.25420.1
MinimumVisualStudioVersion = 10.0.40219.1
Project("{FAE04EC0-301F-11D3-BF4B-00C04F79EFBC}") = "ExpenseTracker", "ExpenseTracker\ExpenseTracker.csproj", "{EDDA7F4B-84DC-43DC-8AEC-BEC08BD7FD66}"
EndProject
Project("{FAE04EC0-301F-11D3-BF4B-00C04F79EFBC}") = "ExpenseTracker.Tests", "ExpenseTracker.Tests\ExpenseTracker.Tests.csproj", "{43D6FD9D-A110-4F4C-9D07-55D0F9E3F620}"
EndProject
Project("{FAE04EC0-301F-11D3-BF4B-00C04F79EFBC}") = "ETDAL", "ETDAL\ETDAL.csproj", "{47267422-5950-492C-A341-FF1DA130033F}"
EndProject
Global
	GlobalSection(SolutionConfigurationPlatforms) = preSolution
		Debug|Any CPU = Debug|Any CPU
		Release|Any CPU = Release|Any CPU
	EndGlobalSection
	GlobalSection(ProjectConfigurationPlatforms) = postSolution
		{EDDA7F4B-84DC-43DC-8AEC-BEC08BD7FD66}.Debug|Any CPU.ActiveCfg = Debug|Any CPU
		{EDDA7F4B-84DC-43DC-8AEC-BEC08BD7FD66}.Debug|Any CPU.Build.0 = Debug|Any CPU
		{EDDA7F4B-84DC-43DC-8AEC-BEC08BD7FD66}.Release|Any CPU.ActiveCfg = Release|Any CPU
		{EDDA7F4B-84DC-43DC-8AEC-BEC08BD7FD66}.Release|Any CPU.Build.0 = Release|Any CPU
		{43D6FD9D-A110-4F4C-9D07-55D0F9E3F620}.Debug|Any CPU.ActiveCfg = Debug|Any CPU
		{43D6FD9D-A110-4F4C-9D07-55D0F9E3F620}.Debug|Any CPU.Build.0 = Debug|Any CPU
		{43D6FD9D-A110-4F4C-9D07-55D0F9E3F620}.Release|Any CPU.ActiveCfg = Release|Any CPU
		{43D6FD9D-A110-4F4C-9D07-55D0F9E3F620}.Release|Any CPU.Build.0 = Release|Any CPU
		{47267422-5950-492C-A341-FF1DA130033F}.Debug|Any CPU.ActiveCfg = Debug|Any CPU
		{47267422-5950-492C-A341-FF1DA130033F}.Debug|Any CPU.Build.0 = Debug|Any CPU
		{47267422-5950-492C-A341-FF1DA130033F}.Release|Any CPU.ActiveCfg = Release|Any CPU
		{47267422-5950-492C-A341-FF1DA130033F}.Release|Any CPU.Build.0 = Release|Any CPU
	EndGlobalSection
	GlobalSection(SolutionProperties) = preSolution
		HideSolutionNode = FALSE
	EndGlobalSection
EndGlobal
